// !$*UTF8*$!
{
	archiveVersion = 1;
	classes = {
	};
	objectVersion = 46;
	objects = {

/* Begin PBXAggregateTarget section */
		DB00E4C01C7AAA0400E898F7 /* UniversalCommon */ = {
			isa = PBXAggregateTarget;
			buildConfigurationList = DB00E4C11C7AAA0400E898F7 /* Build configuration list for PBXAggregateTarget "UniversalCommon" */;
			buildPhases = (
				DB00E4C41C7AAC5700E898F7 /* ShellScript */,
			);
			dependencies = (
			);
			name = UniversalCommon;
			productName = UniversalCommon;
		};
/* End PBXAggregateTarget section */

/* Begin PBXBuildFile section */
		3BF7F7651E74396300419F8D /* TemplListViewController.m in Sources */ = {isa = PBXBuildFile; fileRef = 3BF7F7631E74396300419F8D /* TemplListViewController.m */; };
		3BF7F7691E74949A00419F8D /* ListViewController.m in Sources */ = {isa = PBXBuildFile; fileRef = 3BF7F7671E74949A00419F8D /* ListViewController.m */; };
		3BF7F7791E74F75C00419F8D /* EasyDataOps.m in Sources */ = {isa = PBXBuildFile; fileRef = 3BF7F7781E74F75C00419F8D /* EasyDataOps.m */; };
		3BF7F77E1E74FB3700419F8D /* LocalMasterList.m in Sources */ = {isa = PBXBuildFile; fileRef = 3BF7F77D1E74FB3700419F8D /* LocalMasterList.m */; };
		3BF7F7801E74FB4300419F8D /* LocalMasterListNames.m in Sources */ = {isa = PBXBuildFile; fileRef = 3BF7F77F1E74FB4300419F8D /* LocalMasterListNames.m */; };
		3BF7F7841E74FB9500419F8D /* EasyPhoto.m in Sources */ = {isa = PBXBuildFile; fileRef = 3BF7F7831E74FB9500419F8D /* EasyPhoto.m */; };
		3BF7F7871E74FC6100419F8D /* List1ViewController.m in Sources */ = {isa = PBXBuildFile; fileRef = 3BF7F7861E74FC6100419F8D /* List1ViewController.m */; };
		3BF7F78B1E74FD4200419F8D /* EasySlideScrollView.m in Sources */ = {isa = PBXBuildFile; fileRef = 3BF7F78A1E74FD4200419F8D /* EasySlideScrollView.m */; };
		3BF7F78E1E74FED500419F8D /* EasyDisplayViewController.m in Sources */ = {isa = PBXBuildFile; fileRef = 3BF7F78D1E74FED500419F8D /* EasyDisplayViewController.m */; };
		3BF7F7911E74FF2200419F8D /* MasterListNames.m in Sources */ = {isa = PBXBuildFile; fileRef = 3BF7F7901E74FF2200419F8D /* MasterListNames.m */; };
		3BF7F7951E74FF4D00419F8D /* EasyListViewController.m in Sources */ = {isa = PBXBuildFile; fileRef = 3BF7F7941E74FF4D00419F8D /* EasyListViewController.m */; };
		3BF7F7981E74FF7E00419F8D /* EasyViewController.m in Sources */ = {isa = PBXBuildFile; fileRef = 3BF7F7971E74FF7E00419F8D /* EasyViewController.m */; };
		3BF7F79C1E75002600419F8D /* EasyTapDetectingImageView.m in Sources */ = {isa = PBXBuildFile; fileRef = 3BF7F79B1E75002600419F8D /* EasyTapDetectingImageView.m */; };
		3BF7F79E1E7500A800419F8D /* List.m in Sources */ = {isa = PBXBuildFile; fileRef = 3BF7F79D1E7500A800419F8D /* List.m */; };
		3BF7F7A11E75060400419F8D /* EasyAddViewController.m in Sources */ = {isa = PBXBuildFile; fileRef = 3BF7F7A01E75060400419F8D /* EasyAddViewController.m */; };
		3BF7F7A31E75064100419F8D /* MasterList.m in Sources */ = {isa = PBXBuildFile; fileRef = 3BF7F7A21E75064100419F8D /* MasterList.m */; };
		3BF7F7A61E75065200419F8D /* ListNames.m in Sources */ = {isa = PBXBuildFile; fileRef = 3BF7F7A51E75065200419F8D /* ListNames.m */; };
		3BF7F7B51E76044D00419F8D /* AppCmnUtil.m in Sources */ = {isa = PBXBuildFile; fileRef = 3BF7F7B41E76044D00419F8D /* AppCmnUtil.m */; };
		DB00E4B51C7A9FF700E898F7 /* common.h in CopyFiles */ = {isa = PBXBuildFile; fileRef = DB00E4B41C7A9FF700E898F7 /* common.h */; };
		DB00E4B71C7A9FF700E898F7 /* common.m in Sources */ = {isa = PBXBuildFile; fileRef = DB00E4B61C7A9FF700E898F7 /* common.m */; };
		DB00E4BF1C7AA6B600E898F7 /* ThumbnailImageView.m in Sources */ = {isa = PBXBuildFile; fileRef = DB00E4BE1C7AA6B600E898F7 /* ThumbnailImageView.m */; };
		DB00E4EF1C7BC9E300E898F7 /* SlideScrollView.m in Sources */ = {isa = PBXBuildFile; fileRef = DB00E4EE1C7BC9E300E898F7 /* SlideScrollView.m */; };
		DB00E4F91C7BCC8300E898F7 /* TapDetectingImageView.m in Sources */ = {isa = PBXBuildFile; fileRef = DB00E4F81C7BCC8300E898F7 /* TapDetectingImageView.m */; };
		DB00E5091C7BF96100E898F7 /* NotesViewController.m in Sources */ = {isa = PBXBuildFile; fileRef = DB00E5081C7BF96100E898F7 /* NotesViewController.m */; };
		DB00E51D1C7C8ED600E898F7 /* MySlider.m in Sources */ = {isa = PBXBuildFile; fileRef = DB00E51C1C7C8ED600E898F7 /* MySlider.m */; };
		DB00E5271C7C912000E898F7 /* Photo.m in Sources */ = {isa = PBXBuildFile; fileRef = DB00E5261C7C912000E898F7 /* Photo.m */; };
		DB00E5331C7D24C300E898F7 /* AddressAnnotation.m in Sources */ = {isa = PBXBuildFile; fileRef = DB00E5321C7D24C300E898F7 /* AddressAnnotation.m */; };
		DB00E53E1C7D27F600E898F7 /* KeychainItemWrapper.m in Sources */ = {isa = PBXBuildFile; fileRef = DB00E53D1C7D27F600E898F7 /* KeychainItemWrapper.m */; };
		DB00E5491C7DD6F300E898F7 /* MapViewController.m in Sources */ = {isa = PBXBuildFile; fileRef = DB00E5481C7DD6F300E898F7 /* MapViewController.m */; };
		DB00E5621C7DE1DF00E898F7 /* AlbumContentsTableViewCell.m in Sources */ = {isa = PBXBuildFile; fileRef = DB00E5601C7DE1DF00E898F7 /* AlbumContentsTableViewCell.m */; };
		DB7061471CAA88350031C445 /* CommonDecoder.m in Sources */ = {isa = PBXBuildFile; fileRef = DB7061431CAA88350031C445 /* CommonDecoder.m */; };
		DB7061481CAA88350031C445 /* CommonShareMgr.m in Sources */ = {isa = PBXBuildFile; fileRef = DB7061441CAA88350031C445 /* CommonShareMgr.m */; };
		DB7061491CAA88350031C445 /* CommonTranslator.m in Sources */ = {isa = PBXBuildFile; fileRef = DB7061461CAA88350031C445 /* CommonTranslator.m */; };
		DBD16A9C1C830F7900052A03 /* AlbumContentsViewController.m in Sources */ = {isa = PBXBuildFile; fileRef = DBD16A9A1C830F7900052A03 /* AlbumContentsViewController.m */; };
		DBD16A9E1C830F8E00052A03 /* PhotoDisplayViewController.m in Sources */ = {isa = PBXBuildFile; fileRef = DBD16A9D1C830F8E00052A03 /* PhotoDisplayViewController.m */; };
		DBD16AB91C844E6F00052A03 /* MainViewController.m in Sources */ = {isa = PBXBuildFile; fileRef = DBD16AB71C844E6F00052A03 /* MainViewController.m */; };
		DBD16ABD1C844EBE00052A03 /* MainListViewController.m in Sources */ = {isa = PBXBuildFile; fileRef = DBD16ABC1C844EBE00052A03 /* MainListViewController.m */; };
		DBD16AD51C8AF5B900052A03 /* AddViewController.m in Sources */ = {isa = PBXBuildFile; fileRef = DBD16AD41C8AF5B900052A03 /* AddViewController.m */; };
		DBD16AF71C8DD17E00052A03 /* EditViewController.m in Sources */ = {isa = PBXBuildFile; fileRef = DBD16AF51C8DD17E00052A03 /* EditViewController.m */; };
		DBD16B061C8EE95400052A03 /* DisplayViewController.m in Sources */ = {isa = PBXBuildFile; fileRef = DBD16B051C8EE95400052A03 /* DisplayViewController.m */; };
		DBD16B111C90549300052A03 /* DataOps.m in Sources */ = {isa = PBXBuildFile; fileRef = DBD16B101C90549300052A03 /* DataOps.m */; };
		DBD16B4F1C9A407900052A03 /* AppUtil.m in Sources */ = {isa = PBXBuildFile; fileRef = DBD16B4E1C9A407900052A03 /* AppUtil.m */; };
/* End PBXBuildFile section */

/* Begin PBXCopyFilesBuildPhase section */
		DB00E4AF1C7A9FF700E898F7 /* CopyFiles */ = {
			isa = PBXCopyFilesBuildPhase;
			buildActionMask = 2147483647;
			dstPath = "include/$(PRODUCT_NAME)";
			dstSubfolderSpec = 16;
			files = (
				DB00E4B51C7A9FF700E898F7 /* common.h in CopyFiles */,
			);
			runOnlyForDeploymentPostprocessing = 0;
		};
/* End PBXCopyFilesBuildPhase section */

/* Begin PBXFileReference section */
		3BF7F7621E74396300419F8D /* TemplListViewController.h */ = {isa = PBXFileReference; fileEncoding = 4; lastKnownFileType = sourcecode.c.h; path = TemplListViewController.h; sourceTree = "<group>"; };
		3BF7F7631E74396300419F8D /* TemplListViewController.m */ = {isa = PBXFileReference; fileEncoding = 4; lastKnownFileType = sourcecode.c.objc; path = TemplListViewController.m; sourceTree = "<group>"; };
		3BF7F7641E74396300419F8D /* TemplListViewController.xib */ = {isa = PBXFileReference; fileEncoding = 4; lastKnownFileType = file.xib; path = TemplListViewController.xib; sourceTree = "<group>"; };
		3BF7F7661E74949A00419F8D /* ListViewController.h */ = {isa = PBXFileReference; fileEncoding = 4; lastKnownFileType = sourcecode.c.h; path = ListViewController.h; sourceTree = "<group>"; };
		3BF7F7671E74949A00419F8D /* ListViewController.m */ = {isa = PBXFileReference; fileEncoding = 4; lastKnownFileType = sourcecode.c.objc; path = ListViewController.m; sourceTree = "<group>"; };
		3BF7F7681E74949A00419F8D /* ListViewController.xib */ = {isa = PBXFileReference; fileEncoding = 4; lastKnownFileType = file.xib; path = ListViewController.xib; sourceTree = "<group>"; };
		3BF7F7761E74F66E00419F8D /* List.h */ = {isa = PBXFileReference; lastKnownFileType = sourcecode.c.h; path = List.h; sourceTree = "<group>"; };
		3BF7F7771E74F74800419F8D /* EasyDataOps.h */ = {isa = PBXFileReference; fileEncoding = 4; lastKnownFileType = sourcecode.c.h; path = EasyDataOps.h; sourceTree = "<group>"; };
		3BF7F7781E74F75C00419F8D /* EasyDataOps.m */ = {isa = PBXFileReference; fileEncoding = 4; lastKnownFileType = sourcecode.c.objc; path = EasyDataOps.m; sourceTree = "<group>"; };
		3BF7F77A1E74F7A400419F8D /* MasterListNames.h */ = {isa = PBXFileReference; fileEncoding = 4; lastKnownFileType = sourcecode.c.h; path = MasterListNames.h; sourceTree = "<group>"; };
		3BF7F77B1E74FAE100419F8D /* LocalMasterListNames.h */ = {isa = PBXFileReference; fileEncoding = 4; lastKnownFileType = sourcecode.c.h; path = LocalMasterListNames.h; sourceTree = "<group>"; };
		3BF7F77C1E74FAF100419F8D /* LocalMasterList.h */ = {isa = PBXFileReference; fileEncoding = 4; lastKnownFileType = sourcecode.c.h; path = LocalMasterList.h; sourceTree = "<group>"; };
		3BF7F77D1E74FB3700419F8D /* LocalMasterList.m */ = {isa = PBXFileReference; fileEncoding = 4; lastKnownFileType = sourcecode.c.objc; path = LocalMasterList.m; sourceTree = "<group>"; };
		3BF7F77F1E74FB4300419F8D /* LocalMasterListNames.m */ = {isa = PBXFileReference; fileEncoding = 4; lastKnownFileType = sourcecode.c.objc; path = LocalMasterListNames.m; sourceTree = "<group>"; };
		3BF7F7811E74FB8100419F8D /* EasyViewController.xib */ = {isa = PBXFileReference; fileEncoding = 4; lastKnownFileType = file.xib; path = EasyViewController.xib; sourceTree = "<group>"; };
		3BF7F7821E74FB8F00419F8D /* EasyPhoto.h */ = {isa = PBXFileReference; fileEncoding = 4; lastKnownFileType = sourcecode.c.h; path = EasyPhoto.h; sourceTree = "<group>"; };
		3BF7F7831E74FB9500419F8D /* EasyPhoto.m */ = {isa = PBXFileReference; fileEncoding = 4; lastKnownFileType = sourcecode.c.objc; path = EasyPhoto.m; sourceTree = "<group>"; };
		3BF7F7851E74FC5900419F8D /* List1ViewController.h */ = {isa = PBXFileReference; fileEncoding = 4; lastKnownFileType = sourcecode.c.h; path = List1ViewController.h; sourceTree = "<group>"; };
		3BF7F7861E74FC6100419F8D /* List1ViewController.m */ = {isa = PBXFileReference; fileEncoding = 4; lastKnownFileType = sourcecode.c.objc; path = List1ViewController.m; sourceTree = "<group>"; };
		3BF7F7881E74FC8700419F8D /* List1ViewController.xib */ = {isa = PBXFileReference; fileEncoding = 4; lastKnownFileType = file.xib; path = List1ViewController.xib; sourceTree = "<group>"; };
		3BF7F7891E74FD3700419F8D /* EasySlideScrollView.h */ = {isa = PBXFileReference; fileEncoding = 4; lastKnownFileType = sourcecode.c.h; path = EasySlideScrollView.h; sourceTree = "<group>"; };
		3BF7F78A1E74FD4200419F8D /* EasySlideScrollView.m */ = {isa = PBXFileReference; fileEncoding = 4; lastKnownFileType = sourcecode.c.objc; path = EasySlideScrollView.m; sourceTree = "<group>"; };
		3BF7F78C1E74FECB00419F8D /* EasyDisplayViewController.h */ = {isa = PBXFileReference; fileEncoding = 4; lastKnownFileType = sourcecode.c.h; path = EasyDisplayViewController.h; sourceTree = "<group>"; };
		3BF7F78D1E74FED500419F8D /* EasyDisplayViewController.m */ = {isa = PBXFileReference; fileEncoding = 4; lastKnownFileType = sourcecode.c.objc; path = EasyDisplayViewController.m; sourceTree = "<group>"; };
		3BF7F78F1E74FEDC00419F8D /* EasyDisplayViewController.xib */ = {isa = PBXFileReference; fileEncoding = 4; lastKnownFileType = file.xib; path = EasyDisplayViewController.xib; sourceTree = "<group>"; };
		3BF7F7901E74FF2200419F8D /* MasterListNames.m */ = {isa = PBXFileReference; fileEncoding = 4; lastKnownFileType = sourcecode.c.objc; path = MasterListNames.m; sourceTree = "<group>"; };
		3BF7F7921E74FF2D00419F8D /* MasterList.h */ = {isa = PBXFileReference; fileEncoding = 4; lastKnownFileType = sourcecode.c.h; path = MasterList.h; sourceTree = "<group>"; };
		3BF7F7931E74FF4300419F8D /* EasyListViewController.h */ = {isa = PBXFileReference; fileEncoding = 4; lastKnownFileType = sourcecode.c.h; path = EasyListViewController.h; sourceTree = "<group>"; };
		3BF7F7941E74FF4D00419F8D /* EasyListViewController.m */ = {isa = PBXFileReference; fileEncoding = 4; lastKnownFileType = sourcecode.c.objc; path = EasyListViewController.m; sourceTree = "<group>"; };
		3BF7F7961E74FF7700419F8D /* EasyViewController.h */ = {isa = PBXFileReference; fileEncoding = 4; lastKnownFileType = sourcecode.c.h; path = EasyViewController.h; sourceTree = "<group>"; };
		3BF7F7971E74FF7E00419F8D /* EasyViewController.m */ = {isa = PBXFileReference; fileEncoding = 4; lastKnownFileType = sourcecode.c.objc; path = EasyViewController.m; sourceTree = "<group>"; };
		3BF7F7991E74FF9600419F8D /* EasyListViewController.xib */ = {isa = PBXFileReference; fileEncoding = 4; lastKnownFileType = file.xib; path = EasyListViewController.xib; sourceTree = "<group>"; };
		3BF7F79A1E75001F00419F8D /* EasyTapDetectingImageView.h */ = {isa = PBXFileReference; fileEncoding = 4; lastKnownFileType = sourcecode.c.h; path = EasyTapDetectingImageView.h; sourceTree = "<group>"; };
		3BF7F79B1E75002600419F8D /* EasyTapDetectingImageView.m */ = {isa = PBXFileReference; fileEncoding = 4; lastKnownFileType = sourcecode.c.objc; path = EasyTapDetectingImageView.m; sourceTree = "<group>"; };
		3BF7F79D1E7500A800419F8D /* List.m */ = {isa = PBXFileReference; fileEncoding = 4; lastKnownFileType = sourcecode.c.objc; path = List.m; sourceTree = "<group>"; };
		3BF7F79F1E7505FA00419F8D /* EasyAddViewController.h */ = {isa = PBXFileReference; fileEncoding = 4; lastKnownFileType = sourcecode.c.h; path = EasyAddViewController.h; sourceTree = "<group>"; };
		3BF7F7A01E75060400419F8D /* EasyAddViewController.m */ = {isa = PBXFileReference; fileEncoding = 4; lastKnownFileType = sourcecode.c.objc; path = EasyAddViewController.m; sourceTree = "<group>"; };
		3BF7F7A21E75064100419F8D /* MasterList.m */ = {isa = PBXFileReference; fileEncoding = 4; lastKnownFileType = sourcecode.c.objc; path = MasterList.m; sourceTree = "<group>"; };
		3BF7F7A41E75064A00419F8D /* ListNames.h */ = {isa = PBXFileReference; fileEncoding = 4; lastKnownFileType = sourcecode.c.h; path = ListNames.h; sourceTree = "<group>"; };
		3BF7F7A51E75065200419F8D /* ListNames.m */ = {isa = PBXFileReference; fileEncoding = 4; lastKnownFileType = sourcecode.c.objc; path = ListNames.m; sourceTree = "<group>"; };
		3BF7F7B31E76044D00419F8D /* AppCmnUtil.h */ = {isa = PBXFileReference; fileEncoding = 4; lastKnownFileType = sourcecode.c.h; path = AppCmnUtil.h; sourceTree = "<group>"; };
		3BF7F7B41E76044D00419F8D /* AppCmnUtil.m */ = {isa = PBXFileReference; fileEncoding = 4; lastKnownFileType = sourcecode.c.objc; path = AppCmnUtil.m; sourceTree = "<group>"; };
		DB00E4B11C7A9FF700E898F7 /* libcommon.a */ = {isa = PBXFileReference; explicitFileType = archive.ar; includeInIndex = 0; path = libcommon.a; sourceTree = BUILT_PRODUCTS_DIR; };
		DB00E4B41C7A9FF700E898F7 /* common.h */ = {isa = PBXFileReference; lastKnownFileType = sourcecode.c.h; path = common.h; sourceTree = "<group>"; };
		DB00E4B61C7A9FF700E898F7 /* common.m */ = {isa = PBXFileReference; lastKnownFileType = sourcecode.c.objc; path = common.m; sourceTree = "<group>"; };
		DB00E4BD1C7AA6B600E898F7 /* ThumbnailImageView.h */ = {isa = PBXFileReference; fileEncoding = 4; lastKnownFileType = sourcecode.c.h; path = ThumbnailImageView.h; sourceTree = "<group>"; };
		DB00E4BE1C7AA6B600E898F7 /* ThumbnailImageView.m */ = {isa = PBXFileReference; fileEncoding = 4; lastKnownFileType = sourcecode.c.objc; path = ThumbnailImageView.m; sourceTree = "<group>"; };
		DB00E4ED1C7BC9E300E898F7 /* SlideScrollView.h */ = {isa = PBXFileReference; fileEncoding = 4; lastKnownFileType = sourcecode.c.h; path = SlideScrollView.h; sourceTree = "<group>"; };
		DB00E4EE1C7BC9E300E898F7 /* SlideScrollView.m */ = {isa = PBXFileReference; fileEncoding = 4; lastKnownFileType = sourcecode.c.objc; path = SlideScrollView.m; sourceTree = "<group>"; };
		DB00E4F81C7BCC8300E898F7 /* TapDetectingImageView.m */ = {isa = PBXFileReference; fileEncoding = 4; lastKnownFileType = sourcecode.c.objc; path = TapDetectingImageView.m; sourceTree = "<group>"; };
		DB00E4FA1C7BCC9E00E898F7 /* TapDetectingImageView.h */ = {isa = PBXFileReference; fileEncoding = 4; lastKnownFileType = sourcecode.c.h; path = TapDetectingImageView.h; sourceTree = "<group>"; };
		DB00E5071C7BF96100E898F7 /* NotesViewController.h */ = {isa = PBXFileReference; fileEncoding = 4; lastKnownFileType = sourcecode.c.h; path = NotesViewController.h; sourceTree = "<group>"; };
		DB00E5081C7BF96100E898F7 /* NotesViewController.m */ = {isa = PBXFileReference; fileEncoding = 4; lastKnownFileType = sourcecode.c.objc; path = NotesViewController.m; sourceTree = "<group>"; };
		DB00E50C1C7C85FB00E898F7 /* NotesViewController.xib */ = {isa = PBXFileReference; fileEncoding = 4; lastKnownFileType = file.xib; path = NotesViewController.xib; sourceTree = "<group>"; };
		DB00E51B1C7C8ED600E898F7 /* MySlider.h */ = {isa = PBXFileReference; fileEncoding = 4; lastKnownFileType = sourcecode.c.h; path = MySlider.h; sourceTree = "<group>"; };
		DB00E51C1C7C8ED600E898F7 /* MySlider.m */ = {isa = PBXFileReference; fileEncoding = 4; lastKnownFileType = sourcecode.c.objc; path = MySlider.m; sourceTree = "<group>"; };
		DB00E5261C7C912000E898F7 /* Photo.m */ = {isa = PBXFileReference; fileEncoding = 4; lastKnownFileType = sourcecode.c.objc; path = Photo.m; sourceTree = "<group>"; };
		DB00E5281C7C913500E898F7 /* Photo.h */ = {isa = PBXFileReference; fileEncoding = 4; lastKnownFileType = sourcecode.c.h; path = Photo.h; sourceTree = "<group>"; };
		DB00E5311C7D24C300E898F7 /* AddressAnnotation.h */ = {isa = PBXFileReference; fileEncoding = 4; lastKnownFileType = sourcecode.c.h; path = AddressAnnotation.h; sourceTree = "<group>"; };
		DB00E5321C7D24C300E898F7 /* AddressAnnotation.m */ = {isa = PBXFileReference; fileEncoding = 4; lastKnownFileType = sourcecode.c.objc; path = AddressAnnotation.m; sourceTree = "<group>"; };
		DB00E53C1C7D27F600E898F7 /* KeychainItemWrapper.h */ = {isa = PBXFileReference; fileEncoding = 4; lastKnownFileType = sourcecode.c.h; path = KeychainItemWrapper.h; sourceTree = "<group>"; };
		DB00E53D1C7D27F600E898F7 /* KeychainItemWrapper.m */ = {isa = PBXFileReference; fileEncoding = 4; lastKnownFileType = sourcecode.c.objc; path = KeychainItemWrapper.m; sourceTree = "<group>"; };
		DB00E5471C7DD6E000E898F7 /* MapViewController.xib */ = {isa = PBXFileReference; fileEncoding = 4; lastKnownFileType = file.xib; path = MapViewController.xib; sourceTree = "<group>"; };
		DB00E5481C7DD6F300E898F7 /* MapViewController.m */ = {isa = PBXFileReference; fileEncoding = 4; lastKnownFileType = sourcecode.c.objc; path = MapViewController.m; sourceTree = "<group>"; };
		DB00E54A1C7DD70E00E898F7 /* MapViewController.h */ = {isa = PBXFileReference; fileEncoding = 4; lastKnownFileType = sourcecode.c.h; path = MapViewController.h; sourceTree = "<group>"; };
		DB00E5551C7DDB2600E898F7 /* textdefs.h */ = {isa = PBXFileReference; fileEncoding = 4; lastKnownFileType = sourcecode.c.h; path = textdefs.h; sourceTree = "<group>"; };
		DB00E5601C7DE1DF00E898F7 /* AlbumContentsTableViewCell.m */ = {isa = PBXFileReference; fileEncoding = 4; lastKnownFileType = sourcecode.c.objc; path = AlbumContentsTableViewCell.m; sourceTree = "<group>"; };
		DB00E5611C7DE1DF00E898F7 /* AlbumContentsTableViewCell.h */ = {isa = PBXFileReference; fileEncoding = 4; lastKnownFileType = sourcecode.c.h; path = AlbumContentsTableViewCell.h; sourceTree = "<group>"; };
		DB00E5631C7DE1FC00E898F7 /* AlbumContentsTableViewCell.xib */ = {isa = PBXFileReference; fileEncoding = 4; lastKnownFileType = file.xib; path = AlbumContentsTableViewCell.xib; sourceTree = "<group>"; };
		DB7061421CAA88350031C445 /* CommonDecoder.h */ = {isa = PBXFileReference; fileEncoding = 4; lastKnownFileType = sourcecode.c.h; path = CommonDecoder.h; sourceTree = "<group>"; };
		DB7061431CAA88350031C445 /* CommonDecoder.m */ = {isa = PBXFileReference; fileEncoding = 4; lastKnownFileType = sourcecode.c.objc; path = CommonDecoder.m; sourceTree = "<group>"; };
		DB7061441CAA88350031C445 /* CommonShareMgr.m */ = {isa = PBXFileReference; fileEncoding = 4; lastKnownFileType = sourcecode.c.objc; path = CommonShareMgr.m; sourceTree = "<group>"; };
		DB7061451CAA88350031C445 /* CommonTranslator.h */ = {isa = PBXFileReference; fileEncoding = 4; lastKnownFileType = sourcecode.c.h; path = CommonTranslator.h; sourceTree = "<group>"; };
		DB7061461CAA88350031C445 /* CommonTranslator.m */ = {isa = PBXFileReference; fileEncoding = 4; lastKnownFileType = sourcecode.c.objc; path = CommonTranslator.m; sourceTree = "<group>"; };
		DB70614A1CAA88650031C445 /* CommonShareMgr.h */ = {isa = PBXFileReference; fileEncoding = 4; lastKnownFileType = sourcecode.c.h; path = CommonShareMgr.h; sourceTree = "<group>"; };
		DB7061511CAA9B9B0031C445 /* Constants.h */ = {isa = PBXFileReference; lastKnownFileType = sourcecode.c.h; path = Constants.h; sourceTree = "<group>"; };
		DBD16A9A1C830F7900052A03 /* AlbumContentsViewController.m */ = {isa = PBXFileReference; fileEncoding = 4; lastKnownFileType = sourcecode.c.objc; path = AlbumContentsViewController.m; sourceTree = "<group>"; };
		DBD16A9B1C830F7900052A03 /* AlbumContentsViewController.h */ = {isa = PBXFileReference; fileEncoding = 4; lastKnownFileType = sourcecode.c.h; path = AlbumContentsViewController.h; sourceTree = "<group>"; };
		DBD16A9D1C830F8E00052A03 /* PhotoDisplayViewController.m */ = {isa = PBXFileReference; fileEncoding = 4; lastKnownFileType = sourcecode.c.objc; path = PhotoDisplayViewController.m; sourceTree = "<group>"; };
		DBD16A9F1C830FA000052A03 /* PhotoDisplayViewController.h */ = {isa = PBXFileReference; fileEncoding = 4; lastKnownFileType = sourcecode.c.h; path = PhotoDisplayViewController.h; sourceTree = "<group>"; };
		DBD16AA01C830FC300052A03 /* AlbumContentsViewController.xib */ = {isa = PBXFileReference; fileEncoding = 4; lastKnownFileType = file.xib; path = AlbumContentsViewController.xib; sourceTree = "<group>"; };
		DBD16AA11C830FF600052A03 /* PhotoDisplayViewController.xib */ = {isa = PBXFileReference; fileEncoding = 4; lastKnownFileType = file.xib; path = PhotoDisplayViewController.xib; sourceTree = "<group>"; };
		DBD16AB61C844E6F00052A03 /* MainViewController.h */ = {isa = PBXFileReference; fileEncoding = 4; lastKnownFileType = sourcecode.c.h; path = MainViewController.h; sourceTree = "<group>"; };
		DBD16AB71C844E6F00052A03 /* MainViewController.m */ = {isa = PBXFileReference; fileEncoding = 4; lastKnownFileType = sourcecode.c.objc; path = MainViewController.m; sourceTree = "<group>"; };
		DBD16AB81C844E6F00052A03 /* MainViewController.xib */ = {isa = PBXFileReference; fileEncoding = 4; lastKnownFileType = file.xib; path = MainViewController.xib; sourceTree = "<group>"; };
		DBD16ABA1C844E8600052A03 /* MainListViewController.h */ = {isa = PBXFileReference; fileEncoding = 4; lastKnownFileType = sourcecode.c.h; path = MainListViewController.h; sourceTree = "<group>"; };
		DBD16ABB1C844E9700052A03 /* MainListViewController.xib */ = {isa = PBXFileReference; fileEncoding = 4; lastKnownFileType = file.xib; path = MainListViewController.xib; sourceTree = "<group>"; };
		DBD16ABC1C844EBE00052A03 /* MainListViewController.m */ = {isa = PBXFileReference; fileEncoding = 4; lastKnownFileType = sourcecode.c.objc; path = MainListViewController.m; sourceTree = "<group>"; };
		DBD16AD21C8AF59100052A03 /* AddViewController.h */ = {isa = PBXFileReference; fileEncoding = 4; lastKnownFileType = sourcecode.c.h; path = AddViewController.h; sourceTree = "<group>"; };
		DBD16AD31C8AF5A400052A03 /* AddViewController.xib */ = {isa = PBXFileReference; fileEncoding = 4; lastKnownFileType = file.xib; path = AddViewController.xib; sourceTree = "<group>"; };
		DBD16AD41C8AF5B900052A03 /* AddViewController.m */ = {isa = PBXFileReference; fileEncoding = 4; lastKnownFileType = sourcecode.c.objc; path = AddViewController.m; sourceTree = "<group>"; };
		DBD16AF51C8DD17E00052A03 /* EditViewController.m */ = {isa = PBXFileReference; fileEncoding = 4; lastKnownFileType = sourcecode.c.objc; path = EditViewController.m; sourceTree = "<group>"; };
		DBD16AF61C8DD17E00052A03 /* EditViewController.h */ = {isa = PBXFileReference; fileEncoding = 4; lastKnownFileType = sourcecode.c.h; path = EditViewController.h; sourceTree = "<group>"; };
		DBD16AF81C8DD19800052A03 /* EditViewController.xib */ = {isa = PBXFileReference; fileEncoding = 4; lastKnownFileType = file.xib; path = EditViewController.xib; sourceTree = "<group>"; };
		DBD16B031C8EE94100052A03 /* DisplayViewController.h */ = {isa = PBXFileReference; fileEncoding = 4; lastKnownFileType = sourcecode.c.h; path = DisplayViewController.h; sourceTree = "<group>"; };
		DBD16B041C8EE94100052A03 /* DisplayViewController.xib */ = {isa = PBXFileReference; fileEncoding = 4; lastKnownFileType = file.xib; path = DisplayViewController.xib; sourceTree = "<group>"; };
		DBD16B051C8EE95400052A03 /* DisplayViewController.m */ = {isa = PBXFileReference; fileEncoding = 4; lastKnownFileType = sourcecode.c.objc; path = DisplayViewController.m; sourceTree = "<group>"; };
		DBD16B0F1C90547A00052A03 /* DataOps.h */ = {isa = PBXFileReference; fileEncoding = 4; lastKnownFileType = sourcecode.c.h; path = DataOps.h; sourceTree = "<group>"; };
		DBD16B101C90549300052A03 /* DataOps.m */ = {isa = PBXFileReference; fileEncoding = 4; lastKnownFileType = sourcecode.c.objc; path = DataOps.m; sourceTree = "<group>"; };
		DBD16B4D1C9A407900052A03 /* AppUtil.h */ = {isa = PBXFileReference; fileEncoding = 4; lastKnownFileType = sourcecode.c.h; path = AppUtil.h; sourceTree = "<group>"; };
		DBD16B4E1C9A407900052A03 /* AppUtil.m */ = {isa = PBXFileReference; fileEncoding = 4; lastKnownFileType = sourcecode.c.objc; path = AppUtil.m; sourceTree = "<group>"; };
/* End PBXFileReference section */

/* Begin PBXFrameworksBuildPhase section */
		DB00E4AE1C7A9FF700E898F7 /* Frameworks */ = {
			isa = PBXFrameworksBuildPhase;
			buildActionMask = 2147483647;
			files = (
			);
			runOnlyForDeploymentPostprocessing = 0;
		};
/* End PBXFrameworksBuildPhase section */

/* Begin PBXGroup section */
		DB00E4A81C7A9FF700E898F7 = {
			isa = PBXGroup;
			children = (
				DB00E4B31C7A9FF700E898F7 /* common */,
				DB00E4B21C7A9FF700E898F7 /* Products */,
			);
			sourceTree = "<group>";
		};
		DB00E4B21C7A9FF700E898F7 /* Products */ = {
			isa = PBXGroup;
			children = (
				DB00E4B11C7A9FF700E898F7 /* libcommon.a */,
			);
			name = Products;
			sourceTree = "<group>";
		};
		DB00E4B31C7A9FF700E898F7 /* common */ = {
			isa = PBXGroup;
			children = (
				3BF7F7621E74396300419F8D /* TemplListViewController.h */,
				3BF7F7631E74396300419F8D /* TemplListViewController.m */,
				3BF7F7661E74949A00419F8D /* ListViewController.h */,
				3BF7F7671E74949A00419F8D /* ListViewController.m */,
				3BF7F7681E74949A00419F8D /* ListViewController.xib */,
				3BF7F7641E74396300419F8D /* TemplListViewController.xib */,
				DB7061421CAA88350031C445 /* CommonDecoder.h */,
				DB7061431CAA88350031C445 /* CommonDecoder.m */,
				DB70614A1CAA88650031C445 /* CommonShareMgr.h */,
				DB7061441CAA88350031C445 /* CommonShareMgr.m */,
				DB7061511CAA9B9B0031C445 /* Constants.h */,
				DB7061451CAA88350031C445 /* CommonTranslator.h */,
				DB7061461CAA88350031C445 /* CommonTranslator.m */,
				DB00E4B41C7A9FF700E898F7 /* common.h */,
				DBD16B4D1C9A407900052A03 /* AppUtil.h */,
				DBD16B4E1C9A407900052A03 /* AppUtil.m */,
				DB00E4B61C7A9FF700E898F7 /* common.m */,
				DB00E4ED1C7BC9E300E898F7 /* SlideScrollView.h */,
				DB00E4EE1C7BC9E300E898F7 /* SlideScrollView.m */,
				DB00E5071C7BF96100E898F7 /* NotesViewController.h */,
				DB00E5081C7BF96100E898F7 /* NotesViewController.m */,
				DB00E50C1C7C85FB00E898F7 /* NotesViewController.xib */,
				DB00E51B1C7C8ED600E898F7 /* MySlider.h */,
				DB00E51C1C7C8ED600E898F7 /* MySlider.m */,
				DB00E5551C7DDB2600E898F7 /* textdefs.h */,
				DB00E5631C7DE1FC00E898F7 /* AlbumContentsTableViewCell.xib */,
				DB00E5601C7DE1DF00E898F7 /* AlbumContentsTableViewCell.m */,
				DB00E5611C7DE1DF00E898F7 /* AlbumContentsTableViewCell.h */,
				DBD16AA11C830FF600052A03 /* PhotoDisplayViewController.xib */,
				DBD16AA01C830FC300052A03 /* AlbumContentsViewController.xib */,
				DBD16A9F1C830FA000052A03 /* PhotoDisplayViewController.h */,
				DBD16A9D1C830F8E00052A03 /* PhotoDisplayViewController.m */,
				DBD16A9A1C830F7900052A03 /* AlbumContentsViewController.m */,
				DBD16A9B1C830F7900052A03 /* AlbumContentsViewController.h */,
				DB00E54A1C7DD70E00E898F7 /* MapViewController.h */,
				DB00E5481C7DD6F300E898F7 /* MapViewController.m */,
				DBD16ABA1C844E8600052A03 /* MainListViewController.h */,
				DBD16ABC1C844EBE00052A03 /* MainListViewController.m */,
				DBD16ABB1C844E9700052A03 /* MainListViewController.xib */,
				DBD16AD31C8AF5A400052A03 /* AddViewController.xib */,
				DBD16AD21C8AF59100052A03 /* AddViewController.h */,
				DBD16AD41C8AF5B900052A03 /* AddViewController.m */,
				DBD16AF61C8DD17E00052A03 /* EditViewController.h */,
				DBD16AF51C8DD17E00052A03 /* EditViewController.m */,
				DBD16AF81C8DD19800052A03 /* EditViewController.xib */,
				DBD16B051C8EE95400052A03 /* DisplayViewController.m */,
				DBD16B031C8EE94100052A03 /* DisplayViewController.h */,
				3BF7F7B31E76044D00419F8D /* AppCmnUtil.h */,
				3BF7F7B41E76044D00419F8D /* AppCmnUtil.m */,
				3BF7F7771E74F74800419F8D /* EasyDataOps.h */,
				3BF7F7781E74F75C00419F8D /* EasyDataOps.m */,
				DBD16B041C8EE94100052A03 /* DisplayViewController.xib */,
				DBD16AB61C844E6F00052A03 /* MainViewController.h */,
				DBD16AB71C844E6F00052A03 /* MainViewController.m */,
				DBD16AB81C844E6F00052A03 /* MainViewController.xib */,
				DB00E5471C7DD6E000E898F7 /* MapViewController.xib */,
				DB00E53C1C7D27F600E898F7 /* KeychainItemWrapper.h */,
				DB00E53D1C7D27F600E898F7 /* KeychainItemWrapper.m */,
				DB00E5311C7D24C300E898F7 /* AddressAnnotation.h */,
				DB00E5321C7D24C300E898F7 /* AddressAnnotation.m */,
				DB00E5281C7C913500E898F7 /* Photo.h */,
				DB00E5261C7C912000E898F7 /* Photo.m */,
				DB00E4FA1C7BCC9E00E898F7 /* TapDetectingImageView.h */,
				DB00E4F81C7BCC8300E898F7 /* TapDetectingImageView.m */,
				DB00E4BD1C7AA6B600E898F7 /* ThumbnailImageView.h */,
				3BF7F77A1E74F7A400419F8D /* MasterListNames.h */,
				3BF7F77C1E74FAF100419F8D /* LocalMasterList.h */,
				3BF7F77D1E74FB3700419F8D /* LocalMasterList.m */,
				3BF7F7761E74F66E00419F8D /* List.h */,
				3BF7F77B1E74FAE100419F8D /* LocalMasterListNames.h */,
				3BF7F77F1E74FB4300419F8D /* LocalMasterListNames.m */,
				DB00E4BE1C7AA6B600E898F7 /* ThumbnailImageView.m */,
				3BF7F7821E74FB8F00419F8D /* EasyPhoto.h */,
				3BF7F7831E74FB9500419F8D /* EasyPhoto.m */,
				3BF7F7881E74FC8700419F8D /* List1ViewController.xib */,
				3BF7F7891E74FD3700419F8D /* EasySlideScrollView.h */,
				3BF7F78A1E74FD4200419F8D /* EasySlideScrollView.m */,
				3BF7F7811E74FB8100419F8D /* EasyViewController.xib */,
				DBD16B0F1C90547A00052A03 /* DataOps.h */,
				DBD16B101C90549300052A03 /* DataOps.m */,
				3BF7F7851E74FC5900419F8D /* List1ViewController.h */,
				3BF7F7861E74FC6100419F8D /* List1ViewController.m */,
				3BF7F79F1E7505FA00419F8D /* EasyAddViewController.h */,
				3BF7F7A01E75060400419F8D /* EasyAddViewController.m */,
				3BF7F78F1E74FEDC00419F8D /* EasyDisplayViewController.xib */,
				3BF7F7901E74FF2200419F8D /* MasterListNames.m */,
				3BF7F79A1E75001F00419F8D /* EasyTapDetectingImageView.h */,
				3BF7F7921E74FF2D00419F8D /* MasterList.h */,
				3BF7F79B1E75002600419F8D /* EasyTapDetectingImageView.m */,
				3BF7F7961E74FF7700419F8D /* EasyViewController.h */,
				3BF7F7971E74FF7E00419F8D /* EasyViewController.m */,
				3BF7F7991E74FF9600419F8D /* EasyListViewController.xib */,
				3BF7F7931E74FF4300419F8D /* EasyListViewController.h */,
				3BF7F7941E74FF4D00419F8D /* EasyListViewController.m */,
				3BF7F78D1E74FED500419F8D /* EasyDisplayViewController.m */,
				3BF7F78C1E74FECB00419F8D /* EasyDisplayViewController.h */,
				3BF7F7A41E75064A00419F8D /* ListNames.h */,
				3BF7F7A51E75065200419F8D /* ListNames.m */,
				3BF7F7A21E75064100419F8D /* MasterList.m */,
				3BF7F79D1E7500A800419F8D /* List.m */,
			);
			path = common;
			sourceTree = "<group>";
		};
/* End PBXGroup section */

/* Begin PBXNativeTarget section */
		DB00E4B01C7A9FF700E898F7 /* common */ = {
			isa = PBXNativeTarget;
			buildConfigurationList = DB00E4BA1C7A9FF700E898F7 /* Build configuration list for PBXNativeTarget "common" */;
			buildPhases = (
				DB00E4AD1C7A9FF700E898F7 /* Sources */,
				DB00E4AE1C7A9FF700E898F7 /* Frameworks */,
				DB00E4AF1C7A9FF700E898F7 /* CopyFiles */,
			);
			buildRules = (
			);
			dependencies = (
			);
			name = common;
			productName = common;
			productReference = DB00E4B11C7A9FF700E898F7 /* libcommon.a */;
			productType = "com.apple.product-type.library.static";
		};
/* End PBXNativeTarget section */

/* Begin PBXProject section */
		DB00E4A91C7A9FF700E898F7 /* Project object */ = {
			isa = PBXProject;
			attributes = {
				LastUpgradeCheck = 0720;
				ORGANIZATIONNAME = Sinacama;
				TargetAttributes = {
					DB00E4B01C7A9FF700E898F7 = {
						CreatedOnToolsVersion = 7.2;
					};
					DB00E4C01C7AAA0400E898F7 = {
						CreatedOnToolsVersion = 7.2;
					};
				};
			};
			buildConfigurationList = DB00E4AC1C7A9FF700E898F7 /* Build configuration list for PBXProject "common" */;
			compatibilityVersion = "Xcode 3.2";
			developmentRegion = English;
			hasScannedForEncodings = 0;
			knownRegions = (
				en,
			);
			mainGroup = DB00E4A81C7A9FF700E898F7;
			productRefGroup = DB00E4B21C7A9FF700E898F7 /* Products */;
			projectDirPath = "";
			projectRoot = "";
			targets = (
				DB00E4B01C7A9FF700E898F7 /* common */,
				DB00E4C01C7AAA0400E898F7 /* UniversalCommon */,
			);
		};
/* End PBXProject section */

/* Begin PBXShellScriptBuildPhase section */
		DB00E4C41C7AAC5700E898F7 /* ShellScript */ = {
			isa = PBXShellScriptBuildPhase;
			buildActionMask = 2147483647;
			files = (
			);
			inputPaths = (
			);
			outputPaths = (
			);
			runOnlyForDeploymentPostprocessing = 0;
			shellPath = /bin/sh;
			shellScript = "# define output folder environment variable\nUNIVERSAL_OUTPUTFOLDER=${BUILD_DIR}/${CONFIGURATION}-universal\n\n# Step 1. Build Device and Simulator versions\nxcodebuild -target common ONLY_ACTIVE_ARCH=NO -configuration ${CONFIGURATION} -sdk iphoneos  BUILD_DIR=\"${BUILD_DIR}\" BUILD_ROOT=\"${BUILD_ROOT}\"\nxcodebuild -target common -configuration ${CONFIGURATION} -sdk iphonesimulator -arch i386 BUILD_DIR=\"${BUILD_DIR}\" BUILD_ROOT=\"${BUILD_ROOT}\"\n\n# make sure the output directory exists\nmkdir -p \"${UNIVERSAL_OUTPUTFOLDER}\"\n\n# Step 2. Create universal binary file using lipo\nlipo -create -output \"${UNIVERSAL_OUTPUTFOLDER}/lib${PROJECT_NAME}.a\" \"${BUILD_DIR}/${CONFIGURATION}-iphoneos/lib${PROJECT_NAME}.a\" \"${BUILD_DIR}/${CONFIGURATION}-iphonesimulator/lib${PROJECT_NAME}.a\"\n\n# Last touch. copy the header files. Just for convenience\ncp -R \"${BUILD_DIR}/${CONFIGURATION}-iphoneos/include\" \"${UNIVERSAL_OUTPUTFOLDER}/\"";
		};
/* End PBXShellScriptBuildPhase section */

/* Begin PBXSourcesBuildPhase section */
		DB00E4AD1C7A9FF700E898F7 /* Sources */ = {
			isa = PBXSourcesBuildPhase;
			buildActionMask = 2147483647;
			files = (
				3BF7F7801E74FB4300419F8D /* LocalMasterListNames.m in Sources */,
				3BF7F7691E74949A00419F8D /* ListViewController.m in Sources */,
				DBD16B111C90549300052A03 /* DataOps.m in Sources */,
				DBD16A9E1C830F8E00052A03 /* PhotoDisplayViewController.m in Sources */,
				DB00E5621C7DE1DF00E898F7 /* AlbumContentsTableViewCell.m in Sources */,
				DBD16A9C1C830F7900052A03 /* AlbumContentsViewController.m in Sources */,
				3BF7F79E1E7500A800419F8D /* List.m in Sources */,
				3BF7F7841E74FB9500419F8D /* EasyPhoto.m in Sources */,
				DBD16AD51C8AF5B900052A03 /* AddViewController.m in Sources */,
				DB7061481CAA88350031C445 /* CommonShareMgr.m in Sources */,
				DBD16ABD1C844EBE00052A03 /* MainListViewController.m in Sources */,
				3BF7F7951E74FF4D00419F8D /* EasyListViewController.m in Sources */,
				DB00E5271C7C912000E898F7 /* Photo.m in Sources */,
				3BF7F78B1E74FD4200419F8D /* EasySlideScrollView.m in Sources */,
				DB00E5091C7BF96100E898F7 /* NotesViewController.m in Sources */,
				3BF7F7651E74396300419F8D /* TemplListViewController.m in Sources */,
				3BF7F7A11E75060400419F8D /* EasyAddViewController.m in Sources */,
				DB00E4F91C7BCC8300E898F7 /* TapDetectingImageView.m in Sources */,
				DB00E51D1C7C8ED600E898F7 /* MySlider.m in Sources */,
				DB00E4B71C7A9FF700E898F7 /* common.m in Sources */,
				3BF7F7981E74FF7E00419F8D /* EasyViewController.m in Sources */,
				DB7061491CAA88350031C445 /* CommonTranslator.m in Sources */,
				3BF7F7A61E75065200419F8D /* ListNames.m in Sources */,
				3BF7F7B51E76044D00419F8D /* AppCmnUtil.m in Sources */,
				DBD16AF71C8DD17E00052A03 /* EditViewController.m in Sources */,
				3BF7F7A31E75064100419F8D /* MasterList.m in Sources */,
				DBD16B061C8EE95400052A03 /* DisplayViewController.m in Sources */,
				3BF7F79C1E75002600419F8D /* EasyTapDetectingImageView.m in Sources */,
				DB00E4EF1C7BC9E300E898F7 /* SlideScrollView.m in Sources */,
				3BF7F7791E74F75C00419F8D /* EasyDataOps.m in Sources */,
				3BF7F77E1E74FB3700419F8D /* LocalMasterList.m in Sources */,
				3BF7F7911E74FF2200419F8D /* MasterListNames.m in Sources */,
				3BF7F7871E74FC6100419F8D /* List1ViewController.m in Sources */,
				DB00E4BF1C7AA6B600E898F7 /* ThumbnailImageView.m in Sources */,
				DB00E5491C7DD6F300E898F7 /* MapViewController.m in Sources */,
				DB7061471CAA88350031C445 /* CommonDecoder.m in Sources */,
				DB00E5331C7D24C300E898F7 /* AddressAnnotation.m in Sources */,
				DBD16AB91C844E6F00052A03 /* MainViewController.m in Sources */,
				3BF7F78E1E74FED500419F8D /* EasyDisplayViewController.m in Sources */,
				DB00E53E1C7D27F600E898F7 /* KeychainItemWrapper.m in Sources */,
				DBD16B4F1C9A407900052A03 /* AppUtil.m in Sources */,
			);
			runOnlyForDeploymentPostprocessing = 0;
		};
/* End PBXSourcesBuildPhase section */

/* Begin XCBuildConfiguration section */
		DB00E4B81C7A9FF700E898F7 /* Debug */ = {
			isa = XCBuildConfiguration;
			buildSettings = {
				ALWAYS_SEARCH_USER_PATHS = NO;
				CLANG_CXX_LANGUAGE_STANDARD = "gnu++0x";
				CLANG_CXX_LIBRARY = "libc++";
				CLANG_ENABLE_MODULES = YES;
				CLANG_ENABLE_OBJC_ARC = YES;
				CLANG_WARN_BOOL_CONVERSION = YES;
				CLANG_WARN_CONSTANT_CONVERSION = YES;
				CLANG_WARN_DIRECT_OBJC_ISA_USAGE = YES_ERROR;
				CLANG_WARN_EMPTY_BODY = YES;
				CLANG_WARN_ENUM_CONVERSION = YES;
				CLANG_WARN_INT_CONVERSION = YES;
				CLANG_WARN_OBJC_ROOT_CLASS = YES_ERROR;
				CLANG_WARN_UNREACHABLE_CODE = YES;
				CLANG_WARN__DUPLICATE_METHOD_MATCH = YES;
				"CODE_SIGN_IDENTITY[sdk=iphoneos*]" = "iPhone Developer";
				COPY_PHASE_STRIP = NO;
				DEBUG_INFORMATION_FORMAT = dwarf;
				ENABLE_STRICT_OBJC_MSGSEND = YES;
				ENABLE_TESTABILITY = YES;
				GCC_C_LANGUAGE_STANDARD = gnu99;
				GCC_DYNAMIC_NO_PIC = NO;
				GCC_NO_COMMON_BLOCKS = YES;
				GCC_OPTIMIZATION_LEVEL = 0;
				GCC_PREPROCESSOR_DEFINITIONS = (
					"DEBUG=1",
					"$(inherited)",
				);
				GCC_WARN_64_TO_32_BIT_CONVERSION = YES;
				GCC_WARN_ABOUT_RETURN_TYPE = YES_ERROR;
				GCC_WARN_UNDECLARED_SELECTOR = YES;
				GCC_WARN_UNINITIALIZED_AUTOS = YES_AGGRESSIVE;
				GCC_WARN_UNUSED_FUNCTION = YES;
				GCC_WARN_UNUSED_VARIABLE = YES;
				"HEADER_SEARCH_PATHS[arch=*]" = /Users/ninanthomas/projects/sharing;
				IPHONEOS_DEPLOYMENT_TARGET = 8.2;
				MTL_ENABLE_DEBUG_INFO = YES;
				ONLY_ACTIVE_ARCH = YES;
				SDKROOT = iphoneos;
			};
			name = Debug;
		};
		DB00E4B91C7A9FF700E898F7 /* Release */ = {
			isa = XCBuildConfiguration;
			buildSettings = {
				ALWAYS_SEARCH_USER_PATHS = NO;
				CLANG_CXX_LANGUAGE_STANDARD = "gnu++0x";
				CLANG_CXX_LIBRARY = "libc++";
				CLANG_ENABLE_MODULES = YES;
				CLANG_ENABLE_OBJC_ARC = YES;
				CLANG_WARN_BOOL_CONVERSION = YES;
				CLANG_WARN_CONSTANT_CONVERSION = YES;
				CLANG_WARN_DIRECT_OBJC_ISA_USAGE = YES_ERROR;
				CLANG_WARN_EMPTY_BODY = YES;
				CLANG_WARN_ENUM_CONVERSION = YES;
				CLANG_WARN_INT_CONVERSION = YES;
				CLANG_WARN_OBJC_ROOT_CLASS = YES_ERROR;
				CLANG_WARN_UNREACHABLE_CODE = YES;
				CLANG_WARN__DUPLICATE_METHOD_MATCH = YES;
				"CODE_SIGN_IDENTITY[sdk=iphoneos*]" = "iPhone Developer";
				COPY_PHASE_STRIP = NO;
				DEBUG_INFORMATION_FORMAT = "dwarf-with-dsym";
				ENABLE_NS_ASSERTIONS = NO;
				ENABLE_STRICT_OBJC_MSGSEND = YES;
				GCC_C_LANGUAGE_STANDARD = gnu99;
				GCC_NO_COMMON_BLOCKS = YES;
				GCC_WARN_64_TO_32_BIT_CONVERSION = YES;
				GCC_WARN_ABOUT_RETURN_TYPE = YES_ERROR;
				GCC_WARN_UNDECLARED_SELECTOR = YES;
				GCC_WARN_UNINITIALIZED_AUTOS = YES_AGGRESSIVE;
				GCC_WARN_UNUSED_FUNCTION = YES;
				GCC_WARN_UNUSED_VARIABLE = YES;
				"HEADER_SEARCH_PATHS[arch=*]" = /Users/ninanthomas/projects/sharing;
				IPHONEOS_DEPLOYMENT_TARGET = 8.2;
				MTL_ENABLE_DEBUG_INFO = NO;
				SDKROOT = iphoneos;
				VALIDATE_PRODUCT = YES;
			};
			name = Release;
		};
		DB00E4BB1C7A9FF700E898F7 /* Debug */ = {
			isa = XCBuildConfiguration;
			buildSettings = {
				ONLY_ACTIVE_ARCH = NO;
				OTHER_LDFLAGS = "-ObjC";
				PRODUCT_NAME = "$(TARGET_NAME)";
				SKIP_INSTALL = YES;
			};
			name = Debug;
		};
		DB00E4BC1C7A9FF700E898F7 /* Release */ = {
			isa = XCBuildConfiguration;
			buildSettings = {
				ONLY_ACTIVE_ARCH = NO;
				OTHER_LDFLAGS = "-ObjC";
				PRODUCT_NAME = "$(TARGET_NAME)";
				SKIP_INSTALL = YES;
			};
			name = Release;
		};
		DB00E4C21C7AAA0400E898F7 /* Debug */ = {
			isa = XCBuildConfiguration;
			buildSettings = {
				PRODUCT_NAME = "$(TARGET_NAME)";
			};
			name = Debug;
		};
		DB00E4C31C7AAA0400E898F7 /* Release */ = {
			isa = XCBuildConfiguration;
			buildSettings = {
				PRODUCT_NAME = "$(TARGET_NAME)";
			};
			name = Release;
		};
/* End XCBuildConfiguration section */

/* Begin XCConfigurationList section */
		DB00E4AC1C7A9FF700E898F7 /* Build configuration list for PBXProject "common" */ = {
			isa = XCConfigurationList;
			buildConfigurations = (
				DB00E4B81C7A9FF700E898F7 /* Debug */,
				DB00E4B91C7A9FF700E898F7 /* Release */,
			);
			defaultConfigurationIsVisible = 0;
			defaultConfigurationName = Release;
		};
		DB00E4BA1C7A9FF700E898F7 /* Build configuration list for PBXNativeTarget "common" */ = {
			isa = XCConfigurationList;
			buildConfigurations = (
				DB00E4BB1C7A9FF700E898F7 /* Debug */,
				DB00E4BC1C7A9FF700E898F7 /* Release */,
			);
			defaultConfigurationIsVisible = 0;
			defaultConfigurationName = Release;
		};
		DB00E4C11C7AAA0400E898F7 /* Build configuration list for PBXAggregateTarget "UniversalCommon" */ = {
			isa = XCConfigurationList;
			buildConfigurations = (
				DB00E4C21C7AAA0400E898F7 /* Debug */,
				DB00E4C31C7AAA0400E898F7 /* Release */,
			);
			defaultConfigurationIsVisible = 0;
			defaultConfigurationName = Release;
		};
/* End XCConfigurationList section */
	};
	rootObject = DB00E4A91C7A9FF700E898F7 /* Project object */;
}
